
Microsoft Visual Studio Solution File, Format Version 12.00
# Visual Studio Version 16
VisualStudioVersion = 16.0.31229.75
MinimumVisualStudioVersion = 10.0.40219.1
Project("{FAE04EC0-301F-11D3-BF4B-00C04F79EFBC}") = "CA_SampleVariables_2", "CA_SampleVariables_2\CA_SampleVariables_2.csproj", "{28E72E06-D270-412B-AD0F-E7FD8E5389CA}"
EndProject
Global
	GlobalSection(SolutionConfigurationPlatforms) = preSolution
		Debug|Any CPU = Debug|Any CPU
		Release|Any CPU = Release|Any CPU
	EndGlobalSection
	GlobalSection(ProjectConfigurationPlatforms) = postSolution
		{28E72E06-D270-412B-AD0F-E7FD8E5389CA}.Debug|Any CPU.ActiveCfg = Debug|Any CPU
		{28E72E06-D270-412B-AD0F-E7FD8E5389CA}.Debug|Any CPU.Build.0 = Debug|Any CPU
		{28E72E06-D270-412B-AD0F-E7FD8E5389CA}.Release|Any CPU.ActiveCfg = Release|Any CPU
		{28E72E06-D270-412B-AD0F-E7FD8E5389CA}.Release|Any CPU.Build.0 = Release|Any CPU
	EndGlobalSection
	GlobalSection(SolutionProperties) = preSolution
		HideSolutionNode = FALSE
	EndGlobalSection
	GlobalSection(ExtensibilityGlobals) = postSolution
		SolutionGuid = {B4AB1471-999B-43F4-88DA-0A6CA65B3C8F}
	EndGlobalSection
EndGlobal
