
Microsoft Visual Studio Solution File, Format Version 12.00
# Visual Studio Version 16
VisualStudioVersion = 16.0.31410.357
MinimumVisualStudioVersion = 10.0.40219.1
Project("{2150E333-8FDC-42A3-9474-1A3956D46DE8}") = "1-SRP", "1-SRP", "{964FE90E-5B7E-476D-AF0C-96C5F5C0ADCD}"
EndProject
Project("{2150E333-8FDC-42A3-9474-1A3956D46DE8}") = "Opposite", "Opposite", "{A6198C44-C8E5-4E6A-8961-D7B99DCB0E42}"
EndProject
Project("{FAE04EC0-301F-11D3-BF4B-00C04F79EFBC}") = "SRP-Opposite", "SRP-Opposite\SRP-Opposite.csproj", "{C8537915-1E89-4F8B-B4B7-940EF0501BFB}"
EndProject
Project("{2150E333-8FDC-42A3-9474-1A3956D46DE8}") = "Validate", "Validate", "{5808BF69-4895-4065-BC3A-2314360EBFE8}"
EndProject
Project("{FAE04EC0-301F-11D3-BF4B-00C04F79EFBC}") = "SRP-Validate", "SRP-Validate\SRP-Validate.csproj", "{5884F0A9-E563-46F7-AED4-3954E5F93C6C}"
EndProject
Project("{2150E333-8FDC-42A3-9474-1A3956D46DE8}") = "2-OCP", "2-OCP", "{65DC2ED4-35B8-4DD0-A3C3-F14AE2925602}"
EndProject
Project("{2150E333-8FDC-42A3-9474-1A3956D46DE8}") = "Opposite", "Opposite", "{45DBDC35-98BB-4982-A282-8E35668ABCC2}"
EndProject
Project("{FAE04EC0-301F-11D3-BF4B-00C04F79EFBC}") = "OCP-Opposite", "OCP-Opposite\OCP-Opposite.csproj", "{34A1B2D6-4EF5-43FE-8A5D-21E01C36F499}"
EndProject
Project("{2150E333-8FDC-42A3-9474-1A3956D46DE8}") = "Validate", "Validate", "{92A5EE73-9715-402A-B8CA-B9CFC068A15F}"
EndProject
Project("{FAE04EC0-301F-11D3-BF4B-00C04F79EFBC}") = "OCP-Validate", "OCP-Validate\OCP-Validate.csproj", "{053DD96F-E6BD-4D64-A88F-1C229250BE1D}"
EndProject
Project("{2150E333-8FDC-42A3-9474-1A3956D46DE8}") = "3-LSP", "3-LSP", "{92776145-B2C6-43C4-893E-973F4530D617}"
EndProject
Project("{2150E333-8FDC-42A3-9474-1A3956D46DE8}") = "Opposite", "Opposite", "{9C8904B4-2BE1-44B4-AF77-BBCE03859DDE}"
EndProject
Project("{FAE04EC0-301F-11D3-BF4B-00C04F79EFBC}") = "LSP-Opposite", "LSP-Opposite\LSP-Opposite.csproj", "{9B26FF56-0D33-4A19-89DB-490488EBC957}"
EndProject
Project("{2150E333-8FDC-42A3-9474-1A3956D46DE8}") = "Validate", "Validate", "{C864D4FC-86AF-4635-9AFE-1B2B26B505D3}"
EndProject
Project("{FAE04EC0-301F-11D3-BF4B-00C04F79EFBC}") = "LSP-Validate", "LSP-Validate\LSP-Validate.csproj", "{7F3F16C7-6BD2-47C2-BF9A-B1980257A325}"
EndProject
Project("{2150E333-8FDC-42A3-9474-1A3956D46DE8}") = "4-ISP", "4-ISP", "{0CA32E51-4D86-4112-A943-217316D7FD6B}"
EndProject
Project("{2150E333-8FDC-42A3-9474-1A3956D46DE8}") = "Opposite", "Opposite", "{AFEBED29-B700-4DEE-B708-2A15542EA883}"
EndProject
Project("{FAE04EC0-301F-11D3-BF4B-00C04F79EFBC}") = "ISP-Opposite", "ISP-Opposite\ISP-Opposite.csproj", "{8BA37DBC-DCCE-4A09-9BC1-93BF569DA784}"
EndProject
Project("{2150E333-8FDC-42A3-9474-1A3956D46DE8}") = "Validate", "Validate", "{10E20C23-A867-424E-90FA-92A31DBA30BA}"
EndProject
Project("{FAE04EC0-301F-11D3-BF4B-00C04F79EFBC}") = "ISP-Validate", "ISP-Validate\ISP-Validate.csproj", "{B4FD1961-459D-4F31-BE3B-58B8556121A3}"
EndProject
Project("{2150E333-8FDC-42A3-9474-1A3956D46DE8}") = "5-DIP", "5-DIP", "{D2531E3E-0319-43E1-A309-F8F5CB3A013A}"
EndProject
Project("{2150E333-8FDC-42A3-9474-1A3956D46DE8}") = "Opposite", "Opposite", "{268F1F17-9745-4EAA-ACCD-A14729B10216}"
EndProject
Project("{FAE04EC0-301F-11D3-BF4B-00C04F79EFBC}") = "DIP-Opposite", "DIP-Opposite\DIP-Opposite.csproj", "{2F379A9E-13F5-4637-9018-99B1AC99CD34}"
EndProject
Project("{2150E333-8FDC-42A3-9474-1A3956D46DE8}") = "Validate", "Validate", "{AEFCE785-31D2-4156-B497-D61B8CF20574}"
EndProject
Project("{FAE04EC0-301F-11D3-BF4B-00C04F79EFBC}") = "DIP-Validate", "DIP-Validate\DIP-Validate.csproj", "{56E092DC-E9F5-49B4-A9B9-6DA04F1EA30B}"
EndProject
Global
	GlobalSection(SolutionConfigurationPlatforms) = preSolution
		Debug|Any CPU = Debug|Any CPU
		Release|Any CPU = Release|Any CPU
	EndGlobalSection
	GlobalSection(ProjectConfigurationPlatforms) = postSolution
		{C8537915-1E89-4F8B-B4B7-940EF0501BFB}.Debug|Any CPU.ActiveCfg = Debug|Any CPU
		{C8537915-1E89-4F8B-B4B7-940EF0501BFB}.Debug|Any CPU.Build.0 = Debug|Any CPU
		{C8537915-1E89-4F8B-B4B7-940EF0501BFB}.Release|Any CPU.ActiveCfg = Release|Any CPU
		{C8537915-1E89-4F8B-B4B7-940EF0501BFB}.Release|Any CPU.Build.0 = Release|Any CPU
		{5884F0A9-E563-46F7-AED4-3954E5F93C6C}.Debug|Any CPU.ActiveCfg = Debug|Any CPU
		{5884F0A9-E563-46F7-AED4-3954E5F93C6C}.Debug|Any CPU.Build.0 = Debug|Any CPU
		{5884F0A9-E563-46F7-AED4-3954E5F93C6C}.Release|Any CPU.ActiveCfg = Release|Any CPU
		{5884F0A9-E563-46F7-AED4-3954E5F93C6C}.Release|Any CPU.Build.0 = Release|Any CPU
		{34A1B2D6-4EF5-43FE-8A5D-21E01C36F499}.Debug|Any CPU.ActiveCfg = Debug|Any CPU
		{34A1B2D6-4EF5-43FE-8A5D-21E01C36F499}.Debug|Any CPU.Build.0 = Debug|Any CPU
		{34A1B2D6-4EF5-43FE-8A5D-21E01C36F499}.Release|Any CPU.ActiveCfg = Release|Any CPU
		{34A1B2D6-4EF5-43FE-8A5D-21E01C36F499}.Release|Any CPU.Build.0 = Release|Any CPU
		{053DD96F-E6BD-4D64-A88F-1C229250BE1D}.Debug|Any CPU.ActiveCfg = Debug|Any CPU
		{053DD96F-E6BD-4D64-A88F-1C229250BE1D}.Debug|Any CPU.Build.0 = Debug|Any CPU
		{053DD96F-E6BD-4D64-A88F-1C229250BE1D}.Release|Any CPU.ActiveCfg = Release|Any CPU
		{053DD96F-E6BD-4D64-A88F-1C229250BE1D}.Release|Any CPU.Build.0 = Release|Any CPU
		{9B26FF56-0D33-4A19-89DB-490488EBC957}.Debug|Any CPU.ActiveCfg = Debug|Any CPU
		{9B26FF56-0D33-4A19-89DB-490488EBC957}.Debug|Any CPU.Build.0 = Debug|Any CPU
		{9B26FF56-0D33-4A19-89DB-490488EBC957}.Release|Any CPU.ActiveCfg = Release|Any CPU
		{9B26FF56-0D33-4A19-89DB-490488EBC957}.Release|Any CPU.Build.0 = Release|Any CPU
		{7F3F16C7-6BD2-47C2-BF9A-B1980257A325}.Debug|Any CPU.ActiveCfg = Debug|Any CPU
		{7F3F16C7-6BD2-47C2-BF9A-B1980257A325}.Debug|Any CPU.Build.0 = Debug|Any CPU
		{7F3F16C7-6BD2-47C2-BF9A-B1980257A325}.Release|Any CPU.ActiveCfg = Release|Any CPU
		{7F3F16C7-6BD2-47C2-BF9A-B1980257A325}.Release|Any CPU.Build.0 = Release|Any CPU
		{8BA37DBC-DCCE-4A09-9BC1-93BF569DA784}.Debug|Any CPU.ActiveCfg = Debug|Any CPU
		{8BA37DBC-DCCE-4A09-9BC1-93BF569DA784}.Debug|Any CPU.Build.0 = Debug|Any CPU
		{8BA37DBC-DCCE-4A09-9BC1-93BF569DA784}.Release|Any CPU.ActiveCfg = Release|Any CPU
		{8BA37DBC-DCCE-4A09-9BC1-93BF569DA784}.Release|Any CPU.Build.0 = Release|Any CPU
		{B4FD1961-459D-4F31-BE3B-58B8556121A3}.Debug|Any CPU.ActiveCfg = Debug|Any CPU
		{B4FD1961-459D-4F31-BE3B-58B8556121A3}.Debug|Any CPU.Build.0 = Debug|Any CPU
		{B4FD1961-459D-4F31-BE3B-58B8556121A3}.Release|Any CPU.ActiveCfg = Release|Any CPU
		{B4FD1961-459D-4F31-BE3B-58B8556121A3}.Release|Any CPU.Build.0 = Release|Any CPU
		{2F379A9E-13F5-4637-9018-99B1AC99CD34}.Debug|Any CPU.ActiveCfg = Debug|Any CPU
		{2F379A9E-13F5-4637-9018-99B1AC99CD34}.Debug|Any CPU.Build.0 = Debug|Any CPU
		{2F379A9E-13F5-4637-9018-99B1AC99CD34}.Release|Any CPU.ActiveCfg = Release|Any CPU
		{2F379A9E-13F5-4637-9018-99B1AC99CD34}.Release|Any CPU.Build.0 = Release|Any CPU
		{56E092DC-E9F5-49B4-A9B9-6DA04F1EA30B}.Debug|Any CPU.ActiveCfg = Debug|Any CPU
		{56E092DC-E9F5-49B4-A9B9-6DA04F1EA30B}.Debug|Any CPU.Build.0 = Debug|Any CPU
		{56E092DC-E9F5-49B4-A9B9-6DA04F1EA30B}.Release|Any CPU.ActiveCfg = Release|Any CPU
		{56E092DC-E9F5-49B4-A9B9-6DA04F1EA30B}.Release|Any CPU.Build.0 = Release|Any CPU
	EndGlobalSection
	GlobalSection(SolutionProperties) = preSolution
		HideSolutionNode = FALSE
	EndGlobalSection
	GlobalSection(NestedProjects) = preSolution
		{A6198C44-C8E5-4E6A-8961-D7B99DCB0E42} = {964FE90E-5B7E-476D-AF0C-96C5F5C0ADCD}
		{C8537915-1E89-4F8B-B4B7-940EF0501BFB} = {A6198C44-C8E5-4E6A-8961-D7B99DCB0E42}
		{5808BF69-4895-4065-BC3A-2314360EBFE8} = {964FE90E-5B7E-476D-AF0C-96C5F5C0ADCD}
		{5884F0A9-E563-46F7-AED4-3954E5F93C6C} = {5808BF69-4895-4065-BC3A-2314360EBFE8}
		{45DBDC35-98BB-4982-A282-8E35668ABCC2} = {65DC2ED4-35B8-4DD0-A3C3-F14AE2925602}
		{34A1B2D6-4EF5-43FE-8A5D-21E01C36F499} = {45DBDC35-98BB-4982-A282-8E35668ABCC2}
		{92A5EE73-9715-402A-B8CA-B9CFC068A15F} = {65DC2ED4-35B8-4DD0-A3C3-F14AE2925602}
		{053DD96F-E6BD-4D64-A88F-1C229250BE1D} = {92A5EE73-9715-402A-B8CA-B9CFC068A15F}
		{9C8904B4-2BE1-44B4-AF77-BBCE03859DDE} = {92776145-B2C6-43C4-893E-973F4530D617}
		{9B26FF56-0D33-4A19-89DB-490488EBC957} = {9C8904B4-2BE1-44B4-AF77-BBCE03859DDE}
		{C864D4FC-86AF-4635-9AFE-1B2B26B505D3} = {92776145-B2C6-43C4-893E-973F4530D617}
		{7F3F16C7-6BD2-47C2-BF9A-B1980257A325} = {C864D4FC-86AF-4635-9AFE-1B2B26B505D3}
		{AFEBED29-B700-4DEE-B708-2A15542EA883} = {0CA32E51-4D86-4112-A943-217316D7FD6B}
		{8BA37DBC-DCCE-4A09-9BC1-93BF569DA784} = {AFEBED29-B700-4DEE-B708-2A15542EA883}
		{10E20C23-A867-424E-90FA-92A31DBA30BA} = {0CA32E51-4D86-4112-A943-217316D7FD6B}
		{B4FD1961-459D-4F31-BE3B-58B8556121A3} = {10E20C23-A867-424E-90FA-92A31DBA30BA}
		{268F1F17-9745-4EAA-ACCD-A14729B10216} = {D2531E3E-0319-43E1-A309-F8F5CB3A013A}
		{2F379A9E-13F5-4637-9018-99B1AC99CD34} = {268F1F17-9745-4EAA-ACCD-A14729B10216}
		{AEFCE785-31D2-4156-B497-D61B8CF20574} = {D2531E3E-0319-43E1-A309-F8F5CB3A013A}
		{56E092DC-E9F5-49B4-A9B9-6DA04F1EA30B} = {AEFCE785-31D2-4156-B497-D61B8CF20574}
	EndGlobalSection
	GlobalSection(ExtensibilityGlobals) = postSolution
		SolutionGuid = {5D59D674-D022-47C6-9317-A2E6B13BB989}
	EndGlobalSection
EndGlobal
