
Microsoft Visual Studio Solution File, Format Version 12.00
# Visual Studio Version 16
VisualStudioVersion = 16.0.31410.357
MinimumVisualStudioVersion = 10.0.40219.1
Project("{FAE04EC0-301F-11D3-BF4B-00C04F79EFBC}") = "WFA_CineAdam", "WFA_CineAdam\WFA_CineAdam.csproj", "{F8AD505C-C140-434D-981A-CE3829E18975}"
EndProject
Global
	GlobalSection(SolutionConfigurationPlatforms) = preSolution
		Debug|Any CPU = Debug|Any CPU
		Release|Any CPU = Release|Any CPU
	EndGlobalSection
	GlobalSection(ProjectConfigurationPlatforms) = postSolution
		{F8AD505C-C140-434D-981A-CE3829E18975}.Debug|Any CPU.ActiveCfg = Debug|Any CPU
		{F8AD505C-C140-434D-981A-CE3829E18975}.Debug|Any CPU.Build.0 = Debug|Any CPU
		{F8AD505C-C140-434D-981A-CE3829E18975}.Release|Any CPU.ActiveCfg = Release|Any CPU
		{F8AD505C-C140-434D-981A-CE3829E18975}.Release|Any CPU.Build.0 = Release|Any CPU
	EndGlobalSection
	GlobalSection(SolutionProperties) = preSolution
		HideSolutionNode = FALSE
	EndGlobalSection
	GlobalSection(ExtensibilityGlobals) = postSolution
		SolutionGuid = {B1EEFEE4-30E7-4837-BA3F-D584D890EB32}
	EndGlobalSection
EndGlobal
