
Microsoft Visual Studio Solution File, Format Version 12.00
# Visual Studio Version 16
VisualStudioVersion = 16.0.31410.357
MinimumVisualStudioVersion = 10.0.40219.1
Project("{FAE04EC0-301F-11D3-BF4B-00C04F79EFBC}") = "WFA_TryCatchSamples", "WFA_TryCatchSamples\WFA_TryCatchSamples.csproj", "{27119E82-AE61-4761-998C-21C0214C365C}"
EndProject
Global
	GlobalSection(SolutionConfigurationPlatforms) = preSolution
		Debug|Any CPU = Debug|Any CPU
		Release|Any CPU = Release|Any CPU
	EndGlobalSection
	GlobalSection(ProjectConfigurationPlatforms) = postSolution
		{27119E82-AE61-4761-998C-21C0214C365C}.Debug|Any CPU.ActiveCfg = Debug|Any CPU
		{27119E82-AE61-4761-998C-21C0214C365C}.Debug|Any CPU.Build.0 = Debug|Any CPU
		{27119E82-AE61-4761-998C-21C0214C365C}.Release|Any CPU.ActiveCfg = Release|Any CPU
		{27119E82-AE61-4761-998C-21C0214C365C}.Release|Any CPU.Build.0 = Release|Any CPU
	EndGlobalSection
	GlobalSection(SolutionProperties) = preSolution
		HideSolutionNode = FALSE
	EndGlobalSection
	GlobalSection(ExtensibilityGlobals) = postSolution
		SolutionGuid = {EE0891FA-900B-4A50-8B2C-FF56D84813D6}
	EndGlobalSection
EndGlobal
