
Microsoft Visual Studio Solution File, Format Version 12.00
# Visual Studio Version 16
VisualStudioVersion = 16.0.31410.357
MinimumVisualStudioVersion = 10.0.40219.1
Project("{FAE04EC0-301F-11D3-BF4B-00C04F79EFBC}") = "CA_MetotOrnekler", "CA_MetotOrnekler\CA_MetotOrnekler.csproj", "{042D686B-17C5-479E-A0E9-2662AB279BA1}"
EndProject
Global
	GlobalSection(SolutionConfigurationPlatforms) = preSolution
		Debug|Any CPU = Debug|Any CPU
		Release|Any CPU = Release|Any CPU
	EndGlobalSection
	GlobalSection(ProjectConfigurationPlatforms) = postSolution
		{042D686B-17C5-479E-A0E9-2662AB279BA1}.Debug|Any CPU.ActiveCfg = Debug|Any CPU
		{042D686B-17C5-479E-A0E9-2662AB279BA1}.Debug|Any CPU.Build.0 = Debug|Any CPU
		{042D686B-17C5-479E-A0E9-2662AB279BA1}.Release|Any CPU.ActiveCfg = Release|Any CPU
		{042D686B-17C5-479E-A0E9-2662AB279BA1}.Release|Any CPU.Build.0 = Release|Any CPU
	EndGlobalSection
	GlobalSection(SolutionProperties) = preSolution
		HideSolutionNode = FALSE
	EndGlobalSection
	GlobalSection(ExtensibilityGlobals) = postSolution
		SolutionGuid = {B8E2F306-981D-4C21-90EA-8636D626163E}
	EndGlobalSection
EndGlobal
