
Microsoft Visual Studio Solution File, Format Version 12.00
# Visual Studio Version 16
VisualStudioVersion = 16.0.31229.75
MinimumVisualStudioVersion = 10.0.40219.1
Project("{FAE04EC0-301F-11D3-BF4B-00C04F79EFBC}") = "WFA_TextBoxes", "WFA_TextBoxes\WFA_TextBoxes.csproj", "{89FD00AB-729F-448F-B82C-687BDA56A545}"
EndProject
Global
	GlobalSection(SolutionConfigurationPlatforms) = preSolution
		Debug|Any CPU = Debug|Any CPU
		Release|Any CPU = Release|Any CPU
	EndGlobalSection
	GlobalSection(ProjectConfigurationPlatforms) = postSolution
		{89FD00AB-729F-448F-B82C-687BDA56A545}.Debug|Any CPU.ActiveCfg = Debug|Any CPU
		{89FD00AB-729F-448F-B82C-687BDA56A545}.Debug|Any CPU.Build.0 = Debug|Any CPU
		{89FD00AB-729F-448F-B82C-687BDA56A545}.Release|Any CPU.ActiveCfg = Release|Any CPU
		{89FD00AB-729F-448F-B82C-687BDA56A545}.Release|Any CPU.Build.0 = Release|Any CPU
	EndGlobalSection
	GlobalSection(SolutionProperties) = preSolution
		HideSolutionNode = FALSE
	EndGlobalSection
	GlobalSection(ExtensibilityGlobals) = postSolution
		SolutionGuid = {E082D72F-81BF-4E19-950E-A1D06471699E}
	EndGlobalSection
EndGlobal
