
Microsoft Visual Studio Solution File, Format Version 12.00
# Visual Studio Version 16
VisualStudioVersion = 16.0.31410.357
MinimumVisualStudioVersion = 10.0.40219.1
Project("{2150E333-8FDC-42A3-9474-1A3956D46DE8}") = "CreationalPatterns", "CreationalPatterns", "{C53EB5C4-E3C5-4A04-AE80-3F1DAEA17519}"
EndProject
Project("{FAE04EC0-301F-11D3-BF4B-00C04F79EFBC}") = "SingletonPattern", "SingletonPattern\SingletonPattern.csproj", "{A36AB85C-93E7-4C7B-B89F-4F34FC9B1A6E}"
EndProject
Project("{FAE04EC0-301F-11D3-BF4B-00C04F79EFBC}") = "FactoryPattern", "FactoryPattern\FactoryPattern.csproj", "{9ED968B7-A72D-413E-80EC-C9CABB384903}"
EndProject
Project("{FAE04EC0-301F-11D3-BF4B-00C04F79EFBC}") = "BuilderPattern", "BuilderPattern\BuilderPattern.csproj", "{DA528806-C4FC-4C18-9F53-426D1573C849}"
EndProject
Global
	GlobalSection(SolutionConfigurationPlatforms) = preSolution
		Debug|Any CPU = Debug|Any CPU
		Release|Any CPU = Release|Any CPU
	EndGlobalSection
	GlobalSection(ProjectConfigurationPlatforms) = postSolution
		{A36AB85C-93E7-4C7B-B89F-4F34FC9B1A6E}.Debug|Any CPU.ActiveCfg = Debug|Any CPU
		{A36AB85C-93E7-4C7B-B89F-4F34FC9B1A6E}.Debug|Any CPU.Build.0 = Debug|Any CPU
		{A36AB85C-93E7-4C7B-B89F-4F34FC9B1A6E}.Release|Any CPU.ActiveCfg = Release|Any CPU
		{A36AB85C-93E7-4C7B-B89F-4F34FC9B1A6E}.Release|Any CPU.Build.0 = Release|Any CPU
		{9ED968B7-A72D-413E-80EC-C9CABB384903}.Debug|Any CPU.ActiveCfg = Debug|Any CPU
		{9ED968B7-A72D-413E-80EC-C9CABB384903}.Debug|Any CPU.Build.0 = Debug|Any CPU
		{9ED968B7-A72D-413E-80EC-C9CABB384903}.Release|Any CPU.ActiveCfg = Release|Any CPU
		{9ED968B7-A72D-413E-80EC-C9CABB384903}.Release|Any CPU.Build.0 = Release|Any CPU
		{DA528806-C4FC-4C18-9F53-426D1573C849}.Debug|Any CPU.ActiveCfg = Debug|Any CPU
		{DA528806-C4FC-4C18-9F53-426D1573C849}.Debug|Any CPU.Build.0 = Debug|Any CPU
		{DA528806-C4FC-4C18-9F53-426D1573C849}.Release|Any CPU.ActiveCfg = Release|Any CPU
		{DA528806-C4FC-4C18-9F53-426D1573C849}.Release|Any CPU.Build.0 = Release|Any CPU
	EndGlobalSection
	GlobalSection(SolutionProperties) = preSolution
		HideSolutionNode = FALSE
	EndGlobalSection
	GlobalSection(NestedProjects) = preSolution
		{A36AB85C-93E7-4C7B-B89F-4F34FC9B1A6E} = {C53EB5C4-E3C5-4A04-AE80-3F1DAEA17519}
		{9ED968B7-A72D-413E-80EC-C9CABB384903} = {C53EB5C4-E3C5-4A04-AE80-3F1DAEA17519}
		{DA528806-C4FC-4C18-9F53-426D1573C849} = {C53EB5C4-E3C5-4A04-AE80-3F1DAEA17519}
	EndGlobalSection
	GlobalSection(ExtensibilityGlobals) = postSolution
		SolutionGuid = {15C137E8-DED6-48E2-8CAC-9FA22DAB74BD}
	EndGlobalSection
EndGlobal
