
Microsoft Visual Studio Solution File, Format Version 12.00
# Visual Studio Version 16
VisualStudioVersion = 16.0.31410.357
MinimumVisualStudioVersion = 10.0.40219.1
Project("{FAE04EC0-301F-11D3-BF4B-00C04F79EFBC}") = "WFA_VizeFinal", "WFA_VizeFinal\WFA_VizeFinal.csproj", "{F5817DB8-B246-4A9A-A453-96921B333799}"
EndProject
Global
	GlobalSection(SolutionConfigurationPlatforms) = preSolution
		Debug|Any CPU = Debug|Any CPU
		Release|Any CPU = Release|Any CPU
	EndGlobalSection
	GlobalSection(ProjectConfigurationPlatforms) = postSolution
		{F5817DB8-B246-4A9A-A453-96921B333799}.Debug|Any CPU.ActiveCfg = Debug|Any CPU
		{F5817DB8-B246-4A9A-A453-96921B333799}.Debug|Any CPU.Build.0 = Debug|Any CPU
		{F5817DB8-B246-4A9A-A453-96921B333799}.Release|Any CPU.ActiveCfg = Release|Any CPU
		{F5817DB8-B246-4A9A-A453-96921B333799}.Release|Any CPU.Build.0 = Release|Any CPU
	EndGlobalSection
	GlobalSection(SolutionProperties) = preSolution
		HideSolutionNode = FALSE
	EndGlobalSection
	GlobalSection(ExtensibilityGlobals) = postSolution
		SolutionGuid = {31DDB5FA-483F-4A4B-8C92-1A0ED119E313}
	EndGlobalSection
EndGlobal
