
Microsoft Visual Studio Solution File, Format Version 12.00
# Visual Studio Version 16
VisualStudioVersion = 16.0.31410.357
MinimumVisualStudioVersion = 10.0.40219.1
Project("{FAE04EC0-301F-11D3-BF4B-00C04F79EFBC}") = "WFA_SwitchCase", "WFA_SwitchCase\WFA_SwitchCase.csproj", "{A932AD72-7A88-42EB-AF30-DA5AE6061AAD}"
EndProject
Global
	GlobalSection(SolutionConfigurationPlatforms) = preSolution
		Debug|Any CPU = Debug|Any CPU
		Release|Any CPU = Release|Any CPU
	EndGlobalSection
	GlobalSection(ProjectConfigurationPlatforms) = postSolution
		{A932AD72-7A88-42EB-AF30-DA5AE6061AAD}.Debug|Any CPU.ActiveCfg = Debug|Any CPU
		{A932AD72-7A88-42EB-AF30-DA5AE6061AAD}.Debug|Any CPU.Build.0 = Debug|Any CPU
		{A932AD72-7A88-42EB-AF30-DA5AE6061AAD}.Release|Any CPU.ActiveCfg = Release|Any CPU
		{A932AD72-7A88-42EB-AF30-DA5AE6061AAD}.Release|Any CPU.Build.0 = Release|Any CPU
	EndGlobalSection
	GlobalSection(SolutionProperties) = preSolution
		HideSolutionNode = FALSE
	EndGlobalSection
	GlobalSection(ExtensibilityGlobals) = postSolution
		SolutionGuid = {0E7B4940-CCC2-4CB6-9650-43C36A76BFBD}
	EndGlobalSection
EndGlobal
